// !$*UTF8*$!
{
	archiveVersion = 1;
	classes = {
	};
	objectVersion = 46;
	objects = {

/* Begin PBXBuildFile section */
		7EA86BF718066EAE00A6956C /* UIKit.framework in Frameworks */ = {isa = PBXBuildFile; fileRef = 7EA86BF618066EAE00A6956C /* UIKit.framework */; };
		7EA86BF918066EAE00A6956C /* Foundation.framework in Frameworks */ = {isa = PBXBuildFile; fileRef = 7EA86BF818066EAE00A6956C /* Foundation.framework */; };
		7EA86BFB18066EAE00A6956C /* CoreGraphics.framework in Frameworks */ = {isa = PBXBuildFile; fileRef = 7EA86BFA18066EAE00A6956C /* CoreGraphics.framework */; };
		7EA86C0118066EAE00A6956C /* InfoPlist.strings in Resources */ = {isa = PBXBuildFile; fileRef = 7EA86BFF18066EAE00A6956C /* InfoPlist.strings */; };
		7EA86C0318066EAE00A6956C /* main.m in Sources */ = {isa = PBXBuildFile; fileRef = 7EA86C0218066EAE00A6956C /* main.m */; };
		7EA86C0718066EAE00A6956C /* AppDelegate.m in Sources */ = {isa = PBXBuildFile; fileRef = 7EA86C0618066EAE00A6956C /* AppDelegate.m */; };
		7EA86C0918066EAE00A6956C /* Default.png in Resources */ = {isa = PBXBuildFile; fileRef = 7EA86C0818066EAE00A6956C /* Default.png */; };
		7EA86C0B18066EAE00A6956C /* Default@2x.png in Resources */ = {isa = PBXBuildFile; fileRef = 7EA86C0A18066EAE00A6956C /* Default@2x.png */; };
		7EA86C0D18066EAE00A6956C /* Default-568h@2x.png in Resources */ = {isa = PBXBuildFile; fileRef = 7EA86C0C18066EAE00A6956C /* Default-568h@2x.png */; };
		7EA86C1018066EAE00A6956C /* ViewController.m in Sources */ = {isa = PBXBuildFile; fileRef = 7EA86C0F18066EAE00A6956C /* ViewController.m */; };
		7EA86C26180675BA00A6956C /* list.m in Sources */ = {isa = PBXBuildFile; fileRef = 7EA86C25180675BA00A6956C /* list.m */; };
		7EA86C2B180676DA00A6956C /* Model.m in Sources */ = {isa = PBXBuildFile; fileRef = 7EA86C2A180676DA00A6956C /* Model.m */; };
/* End PBXBuildFile section */

/* Begin PBXFileReference section */
		7EA86BF318066EAE00A6956C /* NSCodingPro.app */ = {isa = PBXFileReference; explicitFileType = wrapper.application; includeInIndex = 0; path = NSCodingPro.app; sourceTree = BUILT_PRODUCTS_DIR; };
		7EA86BF618066EAE00A6956C /* UIKit.framework */ = {isa = PBXFileReference; lastKnownFileType = wrapper.framework; name = UIKit.framework; path = System/Library/Frameworks/UIKit.framework; sourceTree = SDKROOT; };
		7EA86BF818066EAE00A6956C /* Foundation.framework */ = {isa = PBXFileReference; lastKnownFileType = wrapper.framework; name = Foundation.framework; path = System/Library/Frameworks/Foundation.framework; sourceTree = SDKROOT; };
		7EA86BFA18066EAE00A6956C /* CoreGraphics.framework */ = {isa = PBXFileReference; lastKnownFileType = wrapper.framework; name = CoreGraphics.framework; path = System/Library/Frameworks/CoreGraphics.framework; sourceTree = SDKROOT; };
		7EA86BFE18066EAE00A6956C /* NSCodingPro-Info.plist */ = {isa = PBXFileReference; lastKnownFileType = text.plist.xml; path = "NSCodingPro-Info.plist"; sourceTree = "<group>"; };
		7EA86C0018066EAE00A6956C /* en */ = {isa = PBXFileReference; lastKnownFileType = text.plist.strings; name = en; path = en.lproj/InfoPlist.strings; sourceTree = "<group>"; };
		7EA86C0218066EAE00A6956C /* main.m */ = {isa = PBXFileReference; lastKnownFileType = sourcecode.c.objc; path = main.m; sourceTree = "<group>"; };
		7EA86C0418066EAE00A6956C /* NSCodingPro-Prefix.pch */ = {isa = PBXFileReference; lastKnownFileType = sourcecode.c.h; path = "NSCodingPro-Prefix.pch"; sourceTree = "<group>"; };
		7EA86C0518066EAE00A6956C /* AppDelegate.h */ = {isa = PBXFileReference; lastKnownFileType = sourcecode.c.h; path = AppDelegate.h; sourceTree = "<group>"; };
		7EA86C0618066EAE00A6956C /* AppDelegate.m */ = {isa = PBXFileReference; lastKnownFileType = sourcecode.c.objc; path = AppDelegate.m; sourceTree = "<group>"; };
		7EA86C0818066EAE00A6956C /* Default.png */ = {isa = PBXFileReference; lastKnownFileType = image.png; path = Default.png; sourceTree = "<group>"; };
		7EA86C0A18066EAE00A6956C /* Default@2x.png */ = {isa = PBXFileReference; lastKnownFileType = image.png; path = "Default@2x.png"; sourceTree = "<group>"; };
		7EA86C0C18066EAE00A6956C /* Default-568h@2x.png */ = {isa = PBXFileReference; lastKnownFileType = image.png; path = "Default-568h@2x.png"; sourceTree = "<group>"; };
		7EA86C0E18066EAE00A6956C /* ViewController.h */ = {isa = PBXFileReference; lastKnownFileType = sourcecode.c.h; path = ViewController.h; sourceTree = "<group>"; };
		7EA86C0F18066EAE00A6956C /* ViewController.m */ = {isa = PBXFileReference; lastKnownFileType = sourcecode.c.objc; path = ViewController.m; sourceTree = "<group>"; };
		7EA86C24180675BA00A6956C /* list.h */ = {isa = PBXFileReference; fileEncoding = 4; lastKnownFileType = sourcecode.c.h; path = list.h; sourceTree = "<group>"; };
		7EA86C25180675BA00A6956C /* list.m */ = {isa = PBXFileReference; fileEncoding = 4; lastKnownFileType = sourcecode.c.objc; path = list.m; sourceTree = "<group>"; };
		7EA86C29180676DA00A6956C /* Model.h */ = {isa = PBXFileReference; fileEncoding = 4; lastKnownFileType = sourcecode.c.h; path = Model.h; sourceTree = "<group>"; };
		7EA86C2A180676DA00A6956C /* Model.m */ = {isa = PBXFileReference; fileEncoding = 4; lastKnownFileType = sourcecode.c.objc; path = Model.m; sourceTree = "<group>"; };
/* End PBXFileReference section */

/* Begin PBXFrameworksBuildPhase section */
		7EA86BF018066EAE00A6956C /* Frameworks */ = {
			isa = PBXFrameworksBuildPhase;
			buildActionMask = 2147483647;
			files = (
				7EA86BF718066EAE00A6956C /* UIKit.framework in Frameworks */,
				7EA86BF918066EAE00A6956C /* Foundation.framework in Frameworks */,
				7EA86BFB18066EAE00A6956C /* CoreGraphics.framework in Frameworks */,
			);
			runOnlyForDeploymentPostprocessing = 0;
		};
/* End PBXFrameworksBuildPhase section */

/* Begin PBXGroup section */
		7EA86BEA18066EAE00A6956C = {
			isa = PBXGroup;
			children = (
				7EA86BFC18066EAE00A6956C /* NSCodingPro */,
				7EA86BF518066EAE00A6956C /* Frameworks */,
				7EA86BF418066EAE00A6956C /* Products */,
			);
			sourceTree = "<group>";
		};
		7EA86BF418066EAE00A6956C /* Products */ = {
			isa = PBXGroup;
			children = (
				7EA86BF318066EAE00A6956C /* NSCodingPro.app */,
			);
			name = Products;
			sourceTree = "<group>";
		};
		7EA86BF518066EAE00A6956C /* Frameworks */ = {
			isa = PBXGroup;
			children = (
				7EA86BF618066EAE00A6956C /* UIKit.framework */,
				7EA86BF818066EAE00A6956C /* Foundation.framework */,
				7EA86BFA18066EAE00A6956C /* CoreGraphics.framework */,
			);
			name = Frameworks;
			sourceTree = "<group>";
		};
		7EA86BFC18066EAE00A6956C /* NSCodingPro */ = {
			isa = PBXGroup;
			children = (
				7EA86C271806765200A6956C /* Orderinglist */,
				7EA86C281806768F00A6956C /* OrderingModel */,
				7EA86C0518066EAE00A6956C /* AppDelegate.h */,
				7EA86C0618066EAE00A6956C /* AppDelegate.m */,
				7EA86C0E18066EAE00A6956C /* ViewController.h */,
				7EA86C0F18066EAE00A6956C /* ViewController.m */,
				7EA86BFD18066EAE00A6956C /* Supporting Files */,
			);
			path = NSCodingPro;
			sourceTree = "<group>";
		};
		7EA86BFD18066EAE00A6956C /* Supporting Files */ = {
			isa = PBXGroup;
			children = (
				7EA86BFE18066EAE00A6956C /* NSCodingPro-Info.plist */,
				7EA86BFF18066EAE00A6956C /* InfoPlist.strings */,
				7EA86C0218066EAE00A6956C /* main.m */,
				7EA86C0418066EAE00A6956C /* NSCodingPro-Prefix.pch */,
				7EA86C0818066EAE00A6956C /* Default.png */,
				7EA86C0A18066EAE00A6956C /* Default@2x.png */,
				7EA86C0C18066EAE00A6956C /* Default-568h@2x.png */,
			);
			name = "Supporting Files";
			sourceTree = "<group>";
		};
		7EA86C271806765200A6956C /* Orderinglist */ = {
			isa = PBXGroup;
			children = (
				7EA86C24180675BA00A6956C /* list.h */,
				7EA86C25180675BA00A6956C /* list.m */,
			);
			name = Orderinglist;
			sourceTree = "<group>";
		};
		7EA86C281806768F00A6956C /* OrderingModel */ = {
			isa = PBXGroup;
			children = (
				7EA86C29180676DA00A6956C /* Model.h */,
				7EA86C2A180676DA00A6956C /* Model.m */,
			);
			name = OrderingModel;
			sourceTree = "<group>";
		};
/* End PBXGroup section */

/* Begin PBXNativeTarget section */
		7EA86BF218066EAE00A6956C /* NSCodingPro */ = {
			isa = PBXNativeTarget;
			buildConfigurationList = 7EA86C1918066EAE00A6956C /* Build configuration list for PBXNativeTarget "NSCodingPro" */;
			buildPhases = (
				7EA86BEF18066EAE00A6956C /* Sources */,
				7EA86BF018066EAE00A6956C /* Frameworks */,
				7EA86BF118066EAE00A6956C /* Resources */,
			);
			buildRules = (
			);
			dependencies = (
			);
			name = NSCodingPro;
			productName = NSCodingPro;
			productReference = 7EA86BF318066EAE00A6956C /* NSCodingPro.app */;
			productType = "com.apple.product-type.application";
		};
/* End PBXNativeTarget section */

/* Begin PBXProject section */
		7EA86BEB18066EAE00A6956C /* Project object */ = {
			isa = PBXProject;
			attributes = {
				LastUpgradeCheck = 0460;
				ORGANIZATIONNAME = LunaJin;
			};
			buildConfigurationList = 7EA86BEE18066EAE00A6956C /* Build configuration list for PBXProject "NSCodingPro" */;
			compatibilityVersion = "Xcode 3.2";
			developmentRegion = English;
			hasScannedForEncodings = 0;
			knownRegions = (
				en,
			);
			mainGroup = 7EA86BEA18066EAE00A6956C;
			productRefGroup = 7EA86BF418066EAE00A6956C /* Products */;
			projectDirPath = "";
			projectRoot = "";
			targets = (
				7EA86BF218066EAE00A6956C /* NSCodingPro */,
			);
		};
/* End PBXProject section */

/* Begin PBXResourcesBuildPhase section */
		7EA86BF118066EAE00A6956C /* Resources */ = {
			isa = PBXResourcesBuildPhase;
			buildActionMask = 2147483647;
			files = (
				7EA86C0118066EAE00A6956C /* InfoPlist.strings in Resources */,
				7EA86C0918066EAE00A6956C /* Default.png in Resources */,
				7EA86C0B18066EAE00A6956C /* Default@2x.png in Resources */,
				7EA86C0D18066EAE00A6956C /* Default-568h@2x.png in Resources */,
			);
			runOnlyForDeploymentPostprocessing = 0;
		};
/* End PBXResourcesBuildPhase section */

/* Begin PBXSourcesBuildPhase section */
		7EA86BEF18066EAE00A6956C /* Sources */ = {
			isa = PBXSourcesBuildPhase;
			buildActionMask = 2147483647;
			files = (
				7EA86C0318066EAE00A6956C /* main.m in Sources */,
				7EA86C0718066EAE00A6956C /* AppDelegate.m in Sources */,
				7EA86C1018066EAE00A6956C /* ViewController.m in Sources */,
				7EA86C26180675BA00A6956C /* list.m in Sources */,
				7EA86C2B180676DA00A6956C /* Model.m in Sources */,
			);
			runOnlyForDeploymentPostprocessing = 0;
		};
/* End PBXSourcesBuildPhase section */

/* Begin PBXVariantGroup section */
		7EA86BFF18066EAE00A6956C /* InfoPlist.strings */ = {
			isa = PBXVariantGroup;
			children = (
				7EA86C0018066EAE00A6956C /* en */,
			);
			name = InfoPlist.strings;
			sourceTree = "<group>";
		};
/* End PBXVariantGroup section */

/* Begin XCBuildConfiguration section */
		7EA86C1718066EAE00A6956C /* Debug */ = {
			isa = XCBuildConfiguration;
			buildSettings = {
				ALWAYS_SEARCH_USER_PATHS = NO;
				CLANG_CXX_LANGUAGE_STANDARD = "gnu++0x";
				CLANG_CXX_LIBRARY = "libc++";
				CLANG_ENABLE_OBJC_ARC = YES;
				CLANG_WARN_CONSTANT_CONVERSION = YES;
				CLANG_WARN_EMPTY_BODY = YES;
				CLANG_WARN_ENUM_CONVERSION = YES;
				CLANG_WARN_INT_CONVERSION = YES;
				CLANG_WARN__DUPLICATE_METHOD_MATCH = YES;
				"CODE_SIGN_IDENTITY[sdk=iphoneos*]" = "iPhone Developer";
				COPY_PHASE_STRIP = NO;
				GCC_C_LANGUAGE_STANDARD = gnu99;
				GCC_DYNAMIC_NO_PIC = NO;
				GCC_OPTIMIZATION_LEVEL = 0;
				GCC_PREPROCESSOR_DEFINITIONS = (
					"DEBUG=1",
					"$(inherited)",
				);
				GCC_SYMBOLS_PRIVATE_EXTERN = NO;
				GCC_WARN_ABOUT_RETURN_TYPE = YES;
				GCC_WARN_UNINITIALIZED_AUTOS = YES;
				GCC_WARN_UNUSED_VARIABLE = YES;
				IPHONEOS_DEPLOYMENT_TARGET = 6.1;
				ONLY_ACTIVE_ARCH = YES;
				SDKROOT = iphoneos;
				TARGETED_DEVICE_FAMILY = "1,2";
			};
			name = Debug;
		};
		7EA86C1818066EAE00A6956C /* Release */ = {
			isa = XCBuildConfiguration;
			buildSettings = {
				ALWAYS_SEARCH_USER_PATHS = NO;
				CLANG_CXX_LANGUAGE_STANDARD = "gnu++0x";
				CLANG_CXX_LIBRARY = "libc++";
				CLANG_ENABLE_OBJC_ARC = YES;
				CLANG_WARN_CONSTANT_CONVERSION = YES;
				CLANG_WARN_EMPTY_BODY = YES;
				CLANG_WARN_ENUM_CONVERSION = YES;
				CLANG_WARN_INT_CONVERSION = YES;
				CLANG_WARN__DUPLICATE_METHOD_MATCH = YES;
				"CODE_SIGN_IDENTITY[sdk=iphoneos*]" = "iPhone Developer";
				COPY_PHASE_STRIP = YES;
				GCC_C_LANGUAGE_STANDARD = gnu99;
				GCC_WARN_ABOUT_RETURN_TYPE = YES;
				GCC_WARN_UNINITIALIZED_AUTOS = YES;
				GCC_WARN_UNUSED_VARIABLE = YES;
				IPHONEOS_DEPLOYMENT_TARGET = 6.1;
				OTHER_CFLAGS = "-DNS_BLOCK_ASSERTIONS=1";
				SDKROOT = iphoneos;
				TARGETED_DEVICE_FAMILY = "1,2";
				VALIDATE_PRODUCT = YES;
			};
			name = Release;
		};
		7EA86C1A18066EAE00A6956C /* Debug */ = {
			isa = XCBuildConfiguration;
			buildSettings = {
				GCC_PRECOMPILE_PREFIX_HEADER = YES;
				GCC_PREFIX_HEADER = "NSCodingPro/NSCodingPro-Prefix.pch";
				INFOPLIST_FILE = "NSCodingPro/NSCodingPro-Info.plist";
				PRODUCT_NAME = "$(TARGET_NAME)";
				WRAPPER_EXTENSION = app;
			};
			name = Debug;
		};
		7EA86C1B18066EAE00A6956C /* Release */ = {
			isa = XCBuildConfiguration;
			buildSettings = {
				GCC_PRECOMPILE_PREFIX_HEADER = YES;
				GCC_PREFIX_HEADER = "NSCodingPro/NSCodingPro-Prefix.pch";
				INFOPLIST_FILE = "NSCodingPro/NSCodingPro-Info.plist";
				PRODUCT_NAME = "$(TARGET_NAME)";
				WRAPPER_EXTENSION = app;
			};
			name = Release;
		};
/* End XCBuildConfiguration section */

/* Begin XCConfigurationList section */
		7EA86BEE18066EAE00A6956C /* Build configuration list for PBXProject "NSCodingPro" */ = {
			isa = XCConfigurationList;
			buildConfigurations = (
				7EA86C1718066EAE00A6956C /* Debug */,
				7EA86C1818066EAE00A6956C /* Release */,
			);
			defaultConfigurationIsVisible = 0;
			defaultConfigurationName = Release;
		};
		7EA86C1918066EAE00A6956C /* Build configuration list for PBXNativeTarget "NSCodingPro" */ = {
			isa = XCConfigurationList;
			buildConfigurations = (
				7EA86C1A18066EAE00A6956C /* Debug */,
				7EA86C1B18066EAE00A6956C /* Release */,
			);
			defaultConfigurationIsVisible = 0;
			defaultConfigurationName = Release;
		};
/* End XCConfigurationList section */
	};
	rootObject = 7EA86BEB18066EAE00A6956C /* Project object */;
}
